# This file was autogenerated by uv via the following command:
#    uv pip compile pyproject.toml --extra guide --extra verify --output-file requirements-verification.lock
annotated-types==0.8.0
    # via pydantic
anyio==4.15.1
    # via
    #   httpx2
    #   openai
azure-ai-projects==2.7.0
    # via foundry-learning-loop-lab (pyproject.toml)
azure-core==1.41.0
    # via
    #   azure-ai-projects
    #   azure-identity
    #   azure-storage-blob
azure-identity==1.25.3
    # via
    #   foundry-learning-loop-lab (pyproject.toml)
    #   azure-ai-projects
azure-storage-blob==12.30.3
    # via azure-ai-projects
certifi==2026.7.22
    # via requests
cffi==2.1.1
    # via cryptography
charset-normalizer==3.5.1
    # via requests
cryptography==50.0.1
    # via
    #   azure-identity
    #   azure-storage-blob
    #   msal
    #   pyjwt
h11==0.16.0
    # via httpcore2
httpcore2==2.13.1
    # via httpx2
httpx2==2.13.1
    # via openai
idna==3.20
    # via
    #   anyio
    #   httpx2
    #   requests
isodate==0.7.2
    # via
    #   azure-ai-projects
    #   azure-storage-blob
jiter==0.17.0
    # via openai
markdown==3.11
    # via foundry-learning-loop-lab (pyproject.toml)
msal==1.39.0
    # via
    #   azure-identity
    #   msal-extensions
msal-extensions==1.3.1
    # via azure-identity
openai==3.20.0
    # via
    #   foundry-learning-loop-lab (pyproject.toml)
    #   azure-ai-projects
pycparser==3.0
    # via cffi
pydantic==2.13.5
    # via openai
pydantic-core==2.46.5
    # via pydantic
pyjwt==2.15.1
    # via msal
pymupdf==1.28.2
    # via foundry-learning-loop-lab (pyproject.toml)
python-dotenv==1.2.3
    # via foundry-learning-loop-lab (pyproject.toml)
requests==2.34.2
    # via
    #   azure-core
    #   msal
sniffio==1.3.1
    # via openai
truststore==0.10.4
    # via
    #   httpcore2
    #   httpx2
typing-extensions==4.16.0
    # via
    #   anyio
    #   azure-ai-projects
    #   azure-core
    #   azure-identity
    #   azure-storage-blob
    #   httpx2
    #   openai
    #   pydantic
    #   pydantic-core
    #   typing-inspection
typing-inspection==0.4.4
    # via pydantic
urllib3==2.8.0
    # via requests
